
Microsoft Visual Studio Solution File, Format Version 12.00
# Visual Studio Version 17
VisualStudioVersion = 17.10.35013.160
MinimumVisualStudioVersion = 10.0.40219.1
Project("{FAE04EC0-301F-11D3-BF4B-00C04F79EFBC}") = "DirectoryOrganizations", "DirectoryOrganizations.csproj", "{A1E6BB27-9B51-4495-81C5-8534A0B4C0C0}"
EndProject
Global
	GlobalSection(SolutionConfigurationPlatforms) = preSolution
		Debug|Any CPU = Debug|Any CPU
		Release|Any CPU = Release|Any CPU
	EndGlobalSection
	GlobalSection(ProjectConfigurationPlatforms) = postSolution
		{A1E6BB27-9B51-4495-81C5-8534A0B4C0C0}.Debug|Any CPU.ActiveCfg = Debug|Any CPU
		{A1E6BB27-9B51-4495-81C5-8534A0B4C0C0}.Debug|Any CPU.Build.0 = Debug|Any CPU
		{A1E6BB27-9B51-4495-81C5-8534A0B4C0C0}.Release|Any CPU.ActiveCfg = Release|Any CPU
		{A1E6BB27-9B51-4495-81C5-8534A0B4C0C0}.Release|Any CPU.Build.0 = Release|Any CPU
	EndGlobalSection
	GlobalSection(SolutionProperties) = preSolution
		HideSolutionNode = FALSE
	EndGlobalSection
	GlobalSection(ExtensibilityGlobals) = postSolution
		SolutionGuid = {7FDA667E-B106-41E7-81CC-C6015E35A925}
	EndGlobalSection
EndGlobal
